// !$*UTF8*$!
{
	archiveVersion = 1;
	classes = {
	};
	objectVersion = 50;
	objects = {

/* Begin PBXBuildFile section */
		F83B8501231B21E9004C94E5 /* AppDelegate.swift in Sources */ = {isa = PBXBuildFile; fileRef = F83B8500231B21E9004C94E5 /* AppDelegate.swift */; };
		F83B8503231B21E9004C94E5 /* ViewController.swift in Sources */ = {isa = PBXBuildFile; fileRef = F83B8502231B21E9004C94E5 /* ViewController.swift */; };
		F83B8506231B21E9004C94E5 /* Main.storyboard in Resources */ = {isa = PBXBuildFile; fileRef = F83B8504231B21E9004C94E5 /* Main.storyboard */; };
		F83B8508231B21EA004C94E5 /* Assets.xcassets in Resources */ = {isa = PBXBuildFile; fileRef = F83B8507231B21EA004C94E5 /* Assets.xcassets */; };
		F83B850B231B21EA004C94E5 /* LaunchScreen.storyboard in Resources */ = {isa = PBXBuildFile; fileRef = F83B8509231B21EA004C94E5 /* LaunchScreen.storyboard */; };
		F83B8515231B2388004C94E5 /* TableViewCell.swift in Sources */ = {isa = PBXBuildFile; fileRef = F83B8513231B2388004C94E5 /* TableViewCell.swift */; };
		F83B8516231B2388004C94E5 /* TableViewCell.xib in Resources */ = {isa = PBXBuildFile; fileRef = F83B8514231B2388004C94E5 /* TableViewCell.xib */; };
/* End PBXBuildFile section */

/* Begin PBXFileReference section */
		F83B84FD231B21E9004C94E5 /* tableView2.app */ = {isa = PBXFileReference; explicitFileType = wrapper.application; includeInIndex = 0; path = tableView2.app; sourceTree = BUILT_PRODUCTS_DIR; };
		F83B8500231B21E9004C94E5 /* AppDelegate.swift */ = {isa = PBXFileReference; lastKnownFileType = sourcecode.swift; path = AppDelegate.swift; sourceTree = "<group>"; };
		F83B8502231B21E9004C94E5 /* ViewController.swift */ = {isa = PBXFileReference; lastKnownFileType = sourcecode.swift; path = ViewController.swift; sourceTree = "<group>"; };
		F83B8505231B21E9004C94E5 /* Base */ = {isa = PBXFileReference; lastKnownFileType = file.storyboard; name = Base; path = Base.lproj/Main.storyboard; sourceTree = "<group>"; };
		F83B8507231B21EA004C94E5 /* Assets.xcassets */ = {isa = PBXFileReference; lastKnownFileType = folder.assetcatalog; path = Assets.xcassets; sourceTree = "<group>"; };
		F83B850A231B21EA004C94E5 /* Base */ = {isa = PBXFileReference; lastKnownFileType = file.storyboard; name = Base; path = Base.lproj/LaunchScreen.storyboard; sourceTree = "<group>"; };
		F83B850C231B21EA004C94E5 /* Info.plist */ = {isa = PBXFileReference; lastKnownFileType = text.plist.xml; path = Info.plist; sourceTree = "<group>"; };
		F83B8513231B2388004C94E5 /* TableViewCell.swift */ = {isa = PBXFileReference; lastKnownFileType = sourcecode.swift; path = TableViewCell.swift; sourceTree = "<group>"; };
		F83B8514231B2388004C94E5 /* TableViewCell.xib */ = {isa = PBXFileReference; lastKnownFileType = file.xib; path = TableViewCell.xib; sourceTree = "<group>"; };
/* End PBXFileReference section */

/* Begin PBXFrameworksBuildPhase section */
		F83B84FA231B21E9004C94E5 /* Frameworks */ = {
			isa = PBXFrameworksBuildPhase;
			buildActionMask = 2147483647;
			files = (
			);
			runOnlyForDeploymentPostprocessing = 0;
		};
/* End PBXFrameworksBuildPhase section */

/* Begin PBXGroup section */
		F83B84F4231B21E9004C94E5 = {
			isa = PBXGroup;
			children = (
				F83B84FF231B21E9004C94E5 /* tableView2 */,
				F83B84FE231B21E9004C94E5 /* Products */,
			);
			sourceTree = "<group>";
		};
		F83B84FE231B21E9004C94E5 /* Products */ = {
			isa = PBXGroup;
			children = (
				F83B84FD231B21E9004C94E5 /* tableView2.app */,
			);
			name = Products;
			sourceTree = "<group>";
		};
		F83B84FF231B21E9004C94E5 /* tableView2 */ = {
			isa = PBXGroup;
			children = (
				F83B8512231B2376004C94E5 /* Custom cell */,
				F83B8500231B21E9004C94E5 /* AppDelegate.swift */,
				F83B8502231B21E9004C94E5 /* ViewController.swift */,
				F83B8504231B21E9004C94E5 /* Main.storyboard */,
				F83B8507231B21EA004C94E5 /* Assets.xcassets */,
				F83B8509231B21EA004C94E5 /* LaunchScreen.storyboard */,
				F83B850C231B21EA004C94E5 /* Info.plist */,
			);
			path = tableView2;
			sourceTree = "<group>";
		};
		F83B8512231B2376004C94E5 /* Custom cell */ = {
			isa = PBXGroup;
			children = (
				F83B8513231B2388004C94E5 /* TableViewCell.swift */,
				F83B8514231B2388004C94E5 /* TableViewCell.xib */,
			);
			path = "Custom cell";
			sourceTree = "<group>";
		};
/* End PBXGroup section */

/* Begin PBXNativeTarget section */
		F83B84FC231B21E9004C94E5 /* tableView2 */ = {
			isa = PBXNativeTarget;
			buildConfigurationList = F83B850F231B21EA004C94E5 /* Build configuration list for PBXNativeTarget "tableView2" */;
			buildPhases = (
				F83B84F9231B21E9004C94E5 /* Sources */,
				F83B84FA231B21E9004C94E5 /* Frameworks */,
				F83B84FB231B21E9004C94E5 /* Resources */,
			);
			buildRules = (
			);
			dependencies = (
			);
			name = tableView2;
			productName = tableView2;
			productReference = F83B84FD231B21E9004C94E5 /* tableView2.app */;
			productType = "com.apple.product-type.application";
		};
/* End PBXNativeTarget section */

/* Begin PBXProject section */
		F83B84F5231B21E9004C94E5 /* Project object */ = {
			isa = PBXProject;
			attributes = {
				LastSwiftUpdateCheck = 1030;
				LastUpgradeCheck = 1030;
				ORGANIZATIONNAME = josancamon19;
				TargetAttributes = {
					F83B84FC231B21E9004C94E5 = {
						CreatedOnToolsVersion = 10.3;
					};
				};
			};
			buildConfigurationList = F83B84F8231B21E9004C94E5 /* Build configuration list for PBXProject "tableView2" */;
			compatibilityVersion = "Xcode 9.3";
			developmentRegion = en;
			hasScannedForEncodings = 0;
			knownRegions = (
				en,
				Base,
			);
			mainGroup = F83B84F4231B21E9004C94E5;
			productRefGroup = F83B84FE231B21E9004C94E5 /* Products */;
			projectDirPath = "";
			projectRoot = "";
			targets = (
				F83B84FC231B21E9004C94E5 /* tableView2 */,
			);
		};
/* End PBXProject section */

/* Begin PBXResourcesBuildPhase section */
		F83B84FB231B21E9004C94E5 /* Resources */ = {
			isa = PBXResourcesBuildPhase;
			buildActionMask = 2147483647;
			files = (
				F83B850B231B21EA004C94E5 /* LaunchScreen.storyboard in Resources */,
				F83B8516231B2388004C94E5 /* TableViewCell.xib in Resources */,
				F83B8508231B21EA004C94E5 /* Assets.xcassets in Resources */,
				F83B8506231B21E9004C94E5 /* Main.storyboard in Resources */,
			);
			runOnlyForDeploymentPostprocessing = 0;
		};
/* End PBXResourcesBuildPhase section */

/* Begin PBXSourcesBuildPhase section */
		F83B84F9231B21E9004C94E5 /* Sources */ = {
			isa = PBXSourcesBuildPhase;
			buildActionMask = 2147483647;
			files = (
				F83B8515231B2388004C94E5 /* TableViewCell.swift in Sources */,
				F83B8503231B21E9004C94E5 /* ViewController.swift in Sources */,
				F83B8501231B21E9004C94E5 /* AppDelegate.swift in Sources */,
			);
			runOnlyForDeploymentPostprocessing = 0;
		};
/* End PBXSourcesBuildPhase section */

/* Begin PBXVariantGroup section */
		F83B8504231B21E9004C94E5 /* Main.storyboard */ = {
			isa = PBXVariantGroup;
			children = (
				F83B8505231B21E9004C94E5 /* Base */,
			);
			name = Main.storyboard;
			sourceTree = "<group>";
		};
		F83B8509231B21EA004C94E5 /* LaunchScreen.storyboard */ = {
			isa = PBXVariantGroup;
			children = (
				F83B850A231B21EA004C94E5 /* Base */,
			);
			name = LaunchScreen.storyboard;
			sourceTree = "<group>";
		};
/* End PBXVariantGroup section */

/* Begin XCBuildConfiguration section */
		F83B850D231B21EA004C94E5 /* Debug */ = {
			isa = XCBuildConfiguration;
			buildSettings = {
				ALWAYS_SEARCH_USER_PATHS = NO;
				CLANG_ANALYZER_NONNULL = YES;
				CLANG_ANALYZER_NUMBER_OBJECT_CONVERSION = YES_AGGRESSIVE;
				CLANG_CXX_LANGUAGE_STANDARD = "gnu++14";
				CLANG_CXX_LIBRARY = "libc++";
				CLANG_ENABLE_MODULES = YES;
				CLANG_ENABLE_OBJC_ARC = YES;
				CLANG_ENABLE_OBJC_WEAK = YES;
				CLANG_WARN_BLOCK_CAPTURE_AUTORELEASING = YES;
				CLANG_WARN_BOOL_CONVERSION = YES;
				CLANG_WARN_COMMA = YES;
				CLANG_WARN_CONSTANT_CONVERSION = YES;
				CLANG_WARN_DEPRECATED_OBJC_IMPLEMENTATIONS = YES;
				CLANG_WARN_DIRECT_OBJC_ISA_USAGE = YES_ERROR;
				CLANG_WARN_DOCUMENTATION_COMMENTS = YES;
				CLANG_WARN_EMPTY_BODY = YES;
				CLANG_WARN_ENUM_CONVERSION = YES;
				CLANG_WARN_INFINITE_RECURSION = YES;
				CLANG_WARN_INT_CONVERSION = YES;
				CLANG_WARN_NON_LITERAL_NULL_CONVERSION = YES;
				CLANG_WARN_OBJC_IMPLICIT_RETAIN_SELF = YES;
				CLANG_WARN_OBJC_LITERAL_CONVERSION = YES;
				CLANG_WARN_OBJC_ROOT_CLASS = YES_ERROR;
				CLANG_WARN_RANGE_LOOP_ANALYSIS = YES;
				CLANG_WARN_STRICT_PROTOTYPES = YES;
				CLANG_WARN_SUSPICIOUS_MOVE = YES;
				CLANG_WARN_UNGUARDED_AVAILABILITY = YES_AGGRESSIVE;
				CLANG_WARN_UNREACHABLE_CODE = YES;
				CLANG_WARN__DUPLICATE_METHOD_MATCH = YES;
				CODE_SIGN_IDENTITY = "iPhone Developer";
				COPY_PHASE_STRIP = NO;
				DEBUG_INFORMATION_FORMAT = dwarf;
				ENABLE_STRICT_OBJC_MSGSEND = YES;
				ENABLE_TESTABILITY = YES;
				GCC_C_LANGUAGE_STANDARD = gnu11;
				GCC_DYNAMIC_NO_PIC = NO;
				GCC_NO_COMMON_BLOCKS = YES;
				GCC_OPTIMIZATION_LEVEL = 0;
				GCC_PREPROCESSOR_DEFINITIONS = (
					"DEBUG=1",
					"$(inherited)",
				);
				GCC_WARN_64_TO_32_BIT_CONVERSION = YES;
				GCC_WARN_ABOUT_RETURN_TYPE = YES_ERROR;
				GCC_WARN_UNDECLARED_SELECTOR = YES;
				GCC_WARN_UNINITIALIZED_AUTOS = YES_AGGRESSIVE;
				GCC_WARN_UNUSED_FUNCTION = YES;
				GCC_WARN_UNUSED_VARIABLE = YES;
				IPHONEOS_DEPLOYMENT_TARGET = 12.4;
				MTL_ENABLE_DEBUG_INFO = INCLUDE_SOURCE;
				MTL_FAST_MATH = YES;
				ONLY_ACTIVE_ARCH = YES;
				SDKROOT = iphoneos;
				SWIFT_ACTIVE_COMPILATION_CONDITIONS = DEBUG;
				SWIFT_OPTIMIZATION_LEVEL = "-Onone";
			};
			name = Debug;
		};
		F83B850E231B21EA004C94E5 /* Release */ = {
			isa = XCBuildConfiguration;
			buildSettings = {
				ALWAYS_SEARCH_USER_PATHS = NO;
				CLANG_ANALYZER_NONNULL = YES;
				CLANG_ANALYZER_NUMBER_OBJECT_CONVERSION = YES_AGGRESSIVE;
				CLANG_CXX_LANGUAGE_STANDARD = "gnu++14";
				CLANG_CXX_LIBRARY = "libc++";
				CLANG_ENABLE_MODULES = YES;
				CLANG_ENABLE_OBJC_ARC = YES;
				CLANG_ENABLE_OBJC_WEAK = YES;
				CLANG_WARN_BLOCK_CAPTURE_AUTORELEASING = YES;
				CLANG_WARN_BOOL_CONVERSION = YES;
				CLANG_WARN_COMMA = YES;
				CLANG_WARN_CONSTANT_CONVERSION = YES;
				CLANG_WARN_DEPRECATED_OBJC_IMPLEMENTATIONS = YES;
				CLANG_WARN_DIRECT_OBJC_ISA_USAGE = YES_ERROR;
				CLANG_WARN_DOCUMENTATION_COMMENTS = YES;
				CLANG_WARN_EMPTY_BODY = YES;
				CLANG_WARN_ENUM_CONVERSION = YES;
				CLANG_WARN_INFINITE_RECURSION = YES;
				CLANG_WARN_INT_CONVERSION = YES;
				CLANG_WARN_NON_LITERAL_NULL_CONVERSION = YES;
				CLANG_WARN_OBJC_IMPLICIT_RETAIN_SELF = YES;
				CLANG_WARN_OBJC_LITERAL_CONVERSION = YES;
				CLANG_WARN_OBJC_ROOT_CLASS = YES_ERROR;
				CLANG_WARN_RANGE_LOOP_ANALYSIS = YES;
				CLANG_WARN_STRICT_PROTOTYPES = YES;
				CLANG_WARN_SUSPICIOUS_MOVE = YES;
				CLANG_WARN_UNGUARDED_AVAILABILITY = YES_AGGRESSIVE;
				CLANG_WARN_UNREACHABLE_CODE = YES;
				CLANG_WARN__DUPLICATE_METHOD_MATCH = YES;
				CODE_SIGN_IDENTITY = "iPhone Developer";
				COPY_PHASE_STRIP = NO;
				DEBUG_INFORMATION_FORMAT = "dwarf-with-dsym";
				ENABLE_NS_ASSERTIONS = NO;
				ENABLE_STRICT_OBJC_MSGSEND = YES;
				GCC_C_LANGUAGE_STANDARD = gnu11;
				GCC_NO_COMMON_BLOCKS = YES;
				GCC_WARN_64_TO_32_BIT_CONVERSION = YES;
				GCC_WARN_ABOUT_RETURN_TYPE = YES_ERROR;
				GCC_WARN_UNDECLARED_SELECTOR = YES;
				GCC_WARN_UNINITIALIZED_AUTOS = YES_AGGRESSIVE;
				GCC_WARN_UNUSED_FUNCTION = YES;
				GCC_WARN_UNUSED_VARIABLE = YES;
				IPHONEOS_DEPLOYMENT_TARGET = 12.4;
				MTL_ENABLE_DEBUG_INFO = NO;
				MTL_FAST_MATH = YES;
				SDKROOT = iphoneos;
				SWIFT_COMPILATION_MODE = wholemodule;
				SWIFT_OPTIMIZATION_LEVEL = "-O";
				VALIDATE_PRODUCT = YES;
			};
			name = Release;
		};
		F83B8510231B21EA004C94E5 /* Debug */ = {
			isa = XCBuildConfiguration;
			buildSettings = {
				ASSETCATALOG_COMPILER_APPICON_NAME = AppIcon;
				CODE_SIGN_STYLE = Automatic;
				INFOPLIST_FILE = tableView2/Info.plist;
				LD_RUNPATH_SEARCH_PATHS = (
					"$(inherited)",
					"@executable_path/Frameworks",
				);
				PRODUCT_BUNDLE_IDENTIFIER = com.josancamon19.tableView2;
				PRODUCT_NAME = "$(TARGET_NAME)";
				SWIFT_VERSION = 5.0;
				TARGETED_DEVICE_FAMILY = "1,2";
			};
			name = Debug;
		};
		F83B8511231B21EA004C94E5 /* Release */ = {
			isa = XCBuildConfiguration;
			buildSettings = {
				ASSETCATALOG_COMPILER_APPICON_NAME = AppIcon;
				CODE_SIGN_STYLE = Automatic;
				INFOPLIST_FILE = tableView2/Info.plist;
				LD_RUNPATH_SEARCH_PATHS = (
					"$(inherited)",
					"@executable_path/Frameworks",
				);
				PRODUCT_BUNDLE_IDENTIFIER = com.josancamon19.tableView2;
				PRODUCT_NAME = "$(TARGET_NAME)";
				SWIFT_VERSION = 5.0;
				TARGETED_DEVICE_FAMILY = "1,2";
			};
			name = Release;
		};
/* End XCBuildConfiguration section */

/* Begin XCConfigurationList section */
		F83B84F8231B21E9004C94E5 /* Build configuration list for PBXProject "tableView2" */ = {
			isa = XCConfigurationList;
			buildConfigurations = (
				F83B850D231B21EA004C94E5 /* Debug */,
				F83B850E231B21EA004C94E5 /* Release */,
			);
			defaultConfigurationIsVisible = 0;
			defaultConfigurationName = Release;
		};
		F83B850F231B21EA004C94E5 /* Build configuration list for PBXNativeTarget "tableView2" */ = {
			isa = XCConfigurationList;
			buildConfigurations = (
				F83B8510231B21EA004C94E5 /* Debug */,
				F83B8511231B21EA004C94E5 /* Release */,
			);
			defaultConfigurationIsVisible = 0;
			defaultConfigurationName = Release;
		};
/* End XCConfigurationList section */
	};
	rootObject = F83B84F5231B21E9004C94E5 /* Project object */;
}
